// !$*UTF8*$!
{
	archiveVersion = 1;
	classes = {
	};
	objectVersion = 56;
	objects = {

/* Begin PBXBuildFile section */
		8B5D4B052BF0EB2100572768 /* ContentView.swift in Sources */ = {isa = PBXBuildFile; fileRef = 8B5D4B042BF0EB2100572768 /* ContentView.swift */; };
		8B5D4B092BF0EB2200572768 /* Assets.xcassets in Resources */ = {isa = PBXBuildFile; fileRef = 8B5D4B082BF0EB2200572768 /* Assets.xcassets */; };
		8B5D4B0C2BF0EB2200572768 /* Preview Assets.xcassets in Resources */ = {isa = PBXBuildFile; fileRef = 8B5D4B0B2BF0EB2200572768 /* Preview Assets.xcassets */; };
		8B5D4B162BF0EB2200572768 /* Assignment3Tests.swift in Sources */ = {isa = PBXBuildFile; fileRef = 8B5D4B152BF0EB2200572768 /* Assignment3Tests.swift */; };
		8B5D4B202BF0EB2200572768 /* Assignment3UITests.swift in Sources */ = {isa = PBXBuildFile; fileRef = 8B5D4B1F2BF0EB2200572768 /* Assignment3UITests.swift */; };
		8B5D4B222BF0EB2200572768 /* Assignment3UITestsLaunchTests.swift in Sources */ = {isa = PBXBuildFile; fileRef = 8B5D4B212BF0EB2200572768 /* Assignment3UITestsLaunchTests.swift */; };
		8B7B7C752BF0F00A001E1E52 /* TimerView.swift in Sources */ = {isa = PBXBuildFile; fileRef = 8B7B7C742BF0F00A001E1E52 /* TimerView.swift */; };
		8BA844372BF6776800F99183 /* HomePageView.swift in Sources */ = {isa = PBXBuildFile; fileRef = 8BA844362BF6776800F99183 /* HomePageView.swift */; };
		8BA844392BF6784400F99183 /* Character.swift in Sources */ = {isa = PBXBuildFile; fileRef = 8BA844382BF6784400F99183 /* Character.swift */; };
		8BA8443B2BF678D000F99183 /* CharacterSelectionView.swift in Sources */ = {isa = PBXBuildFile; fileRef = 8BA8443A2BF678D000F99183 /* CharacterSelectionView.swift */; };
		8BA8443D2BF678FC00F99183 /* Helper.swift in Sources */ = {isa = PBXBuildFile; fileRef = 8BA8443C2BF678FC00F99183 /* Helper.swift */; };
		8BA8443F2BF67C5000F99183 /* PomodoroTimerViewModel.swift in Sources */ = {isa = PBXBuildFile; fileRef = 8BA8443E2BF67C5000F99183 /* PomodoroTimerViewModel.swift */; };
		8BA844412BF67D7F00F99183 /* HomeView.swift in Sources */ = {isa = PBXBuildFile; fileRef = 8BA844402BF67D7F00F99183 /* HomeView.swift */; };
		8BA844432BF67D9400F99183 /* Timeline View.swift in Sources */ = {isa = PBXBuildFile; fileRef = 8BA844422BF67D9400F99183 /* Timeline View.swift */; };
		8BA844452BF67DA500F99183 /* AccountView.swift in Sources */ = {isa = PBXBuildFile; fileRef = 8BA844442BF67DA500F99183 /* AccountView.swift */; };
/* End PBXBuildFile section */

/* Begin PBXContainerItemProxy section */
		8B5D4B122BF0EB2200572768 /* PBXContainerItemProxy */ = {
			isa = PBXContainerItemProxy;
			containerPortal = 8B5D4AF92BF0EB2100572768 /* Project object */;
			proxyType = 1;
			remoteGlobalIDString = 8B5D4B002BF0EB2100572768;
			remoteInfo = Assignment3;
		};
		8B5D4B1C2BF0EB2200572768 /* PBXContainerItemProxy */ = {
			isa = PBXContainerItemProxy;
			containerPortal = 8B5D4AF92BF0EB2100572768 /* Project object */;
			proxyType = 1;
			remoteGlobalIDString = 8B5D4B002BF0EB2100572768;
			remoteInfo = Assignment3;
		};
/* End PBXContainerItemProxy section */

/* Begin PBXFileReference section */
		8B5D4B012BF0EB2100572768 /* Assignment3.app */ = {isa = PBXFileReference; explicitFileType = wrapper.application; includeInIndex = 0; path = Assignment3.app; sourceTree = BUILT_PRODUCTS_DIR; };
		8B5D4B042BF0EB2100572768 /* ContentView.swift */ = {isa = PBXFileReference; lastKnownFileType = sourcecode.swift; path = ContentView.swift; sourceTree = "<group>"; };
		8B5D4B082BF0EB2200572768 /* Assets.xcassets */ = {isa = PBXFileReference; lastKnownFileType = folder.assetcatalog; path = Assets.xcassets; sourceTree = "<group>"; };
		8B5D4B0B2BF0EB2200572768 /* Preview Assets.xcassets */ = {isa = PBXFileReference; lastKnownFileType = folder.assetcatalog; path = "Preview Assets.xcassets"; sourceTree = "<group>"; };
		8B5D4B112BF0EB2200572768 /* Assignment3Tests.xctest */ = {isa = PBXFileReference; explicitFileType = wrapper.cfbundle; includeInIndex = 0; path = Assignment3Tests.xctest; sourceTree = BUILT_PRODUCTS_DIR; };
		8B5D4B152BF0EB2200572768 /* Assignment3Tests.swift */ = {isa = PBXFileReference; lastKnownFileType = sourcecode.swift; path = Assignment3Tests.swift; sourceTree = "<group>"; };
		8B5D4B1B2BF0EB2200572768 /* Assignment3UITests.xctest */ = {isa = PBXFileReference; explicitFileType = wrapper.cfbundle; includeInIndex = 0; path = Assignment3UITests.xctest; sourceTree = BUILT_PRODUCTS_DIR; };
		8B5D4B1F2BF0EB2200572768 /* Assignment3UITests.swift */ = {isa = PBXFileReference; lastKnownFileType = sourcecode.swift; path = Assignment3UITests.swift; sourceTree = "<group>"; };
		8B5D4B212BF0EB2200572768 /* Assignment3UITestsLaunchTests.swift */ = {isa = PBXFileReference; lastKnownFileType = sourcecode.swift; path = Assignment3UITestsLaunchTests.swift; sourceTree = "<group>"; };
		8B7B7C742BF0F00A001E1E52 /* TimerView.swift */ = {isa = PBXFileReference; lastKnownFileType = sourcecode.swift; path = TimerView.swift; sourceTree = "<group>"; };
		8BA844362BF6776800F99183 /* HomePageView.swift */ = {isa = PBXFileReference; lastKnownFileType = sourcecode.swift; path = HomePageView.swift; sourceTree = "<group>"; };
		8BA844382BF6784400F99183 /* Character.swift */ = {isa = PBXFileReference; lastKnownFileType = sourcecode.swift; path = Character.swift; sourceTree = "<group>"; };
		8BA8443A2BF678D000F99183 /* CharacterSelectionView.swift */ = {isa = PBXFileReference; lastKnownFileType = sourcecode.swift; path = CharacterSelectionView.swift; sourceTree = "<group>"; };
		8BA8443C2BF678FC00F99183 /* Helper.swift */ = {isa = PBXFileReference; lastKnownFileType = sourcecode.swift; path = Helper.swift; sourceTree = "<group>"; };
		8BA8443E2BF67C5000F99183 /* PomodoroTimerViewModel.swift */ = {isa = PBXFileReference; lastKnownFileType = sourcecode.swift; path = PomodoroTimerViewModel.swift; sourceTree = "<group>"; };
		8BA844402BF67D7F00F99183 /* HomeView.swift */ = {isa = PBXFileReference; lastKnownFileType = sourcecode.swift; path = HomeView.swift; sourceTree = "<group>"; };
		8BA844422BF67D9400F99183 /* Timeline View.swift */ = {isa = PBXFileReference; lastKnownFileType = sourcecode.swift; path = "Timeline View.swift"; sourceTree = "<group>"; };
		8BA844442BF67DA500F99183 /* AccountView.swift */ = {isa = PBXFileReference; lastKnownFileType = sourcecode.swift; path = AccountView.swift; sourceTree = "<group>"; };
/* End PBXFileReference section */

/* Begin PBXFrameworksBuildPhase section */
		8B5D4AFE2BF0EB2100572768 /* Frameworks */ = {
			isa = PBXFrameworksBuildPhase;
			buildActionMask = 2147483647;
			files = (
			);
			runOnlyForDeploymentPostprocessing = 0;
		};
		8B5D4B0E2BF0EB2200572768 /* Frameworks */ = {
			isa = PBXFrameworksBuildPhase;
			buildActionMask = 2147483647;
			files = (
			);
			runOnlyForDeploymentPostprocessing = 0;
		};
		8B5D4B182BF0EB2200572768 /* Frameworks */ = {
			isa = PBXFrameworksBuildPhase;
			buildActionMask = 2147483647;
			files = (
			);
			runOnlyForDeploymentPostprocessing = 0;
		};
/* End PBXFrameworksBuildPhase section */

/* Begin PBXGroup section */
		8B5D4AF82BF0EB2100572768 = {
			isa = PBXGroup;
			children = (
				8B5D4B032BF0EB2100572768 /* Assignment3 */,
				8B5D4B142BF0EB2200572768 /* Assignment3Tests */,
				8B5D4B1E2BF0EB2200572768 /* Assignment3UITests */,
				8B5D4B022BF0EB2100572768 /* Products */,
			);
			sourceTree = "<group>";
		};
		8B5D4B022BF0EB2100572768 /* Products */ = {
			isa = PBXGroup;
			children = (
				8B5D4B012BF0EB2100572768 /* Assignment3.app */,
				8B5D4B112BF0EB2200572768 /* Assignment3Tests.xctest */,
				8B5D4B1B2BF0EB2200572768 /* Assignment3UITests.xctest */,
			);
			name = Products;
			sourceTree = "<group>";
		};
		8B5D4B032BF0EB2100572768 /* Assignment3 */ = {
			isa = PBXGroup;
			children = (
				8B5D4B042BF0EB2100572768 /* ContentView.swift */,
				8BA8443E2BF67C5000F99183 /* PomodoroTimerViewModel.swift */,
				8B7B7C742BF0F00A001E1E52 /* TimerView.swift */,
				8BA844362BF6776800F99183 /* HomePageView.swift */,
				8BA844382BF6784400F99183 /* Character.swift */,
				8BA8443A2BF678D000F99183 /* CharacterSelectionView.swift */,
				8BA8443C2BF678FC00F99183 /* Helper.swift */,
				8BA844402BF67D7F00F99183 /* HomeView.swift */,
				8BA844422BF67D9400F99183 /* Timeline View.swift */,
				8BA844442BF67DA500F99183 /* AccountView.swift */,
				8B5D4B082BF0EB2200572768 /* Assets.xcassets */,
				8B5D4B0A2BF0EB2200572768 /* Preview Content */,
			);
			path = Assignment3;
			sourceTree = "<group>";
		};
		8B5D4B0A2BF0EB2200572768 /* Preview Content */ = {
			isa = PBXGroup;
			children = (
				8B5D4B0B2BF0EB2200572768 /* Preview Assets.xcassets */,
			);
			path = "Preview Content";
			sourceTree = "<group>";
		};
		8B5D4B142BF0EB2200572768 /* Assignment3Tests */ = {
			isa = PBXGroup;
			children = (
				8B5D4B152BF0EB2200572768 /* Assignment3Tests.swift */,
			);
			path = Assignment3Tests;
			sourceTree = "<group>";
		};
		8B5D4B1E2BF0EB2200572768 /* Assignment3UITests */ = {
			isa = PBXGroup;
			children = (
				8B5D4B1F2BF0EB2200572768 /* Assignment3UITests.swift */,
				8B5D4B212BF0EB2200572768 /* Assignment3UITestsLaunchTests.swift */,
			);
			path = Assignment3UITests;
			sourceTree = "<group>";
		};
/* End PBXGroup section */

/* Begin PBXNativeTarget section */
		8B5D4B002BF0EB2100572768 /* Assignment3 */ = {
			isa = PBXNativeTarget;
			buildConfigurationList = 8B5D4B252BF0EB2200572768 /* Build configuration list for PBXNativeTarget "Assignment3" */;
			buildPhases = (
				8B5D4AFD2BF0EB2100572768 /* Sources */,
				8B5D4AFE2BF0EB2100572768 /* Frameworks */,
				8B5D4AFF2BF0EB2100572768 /* Resources */,
			);
			buildRules = (
			);
			dependencies = (
			);
			name = Assignment3;
			productName = Assignment3;
			productReference = 8B5D4B012BF0EB2100572768 /* Assignment3.app */;
			productType = "com.apple.product-type.application";
		};
		8B5D4B102BF0EB2200572768 /* Assignment3Tests */ = {
			isa = PBXNativeTarget;
			buildConfigurationList = 8B5D4B282BF0EB2200572768 /* Build configuration list for PBXNativeTarget "Assignment3Tests" */;
			buildPhases = (
				8B5D4B0D2BF0EB2200572768 /* Sources */,
				8B5D4B0E2BF0EB2200572768 /* Frameworks */,
				8B5D4B0F2BF0EB2200572768 /* Resources */,
			);
			buildRules = (
			);
			dependencies = (
				8B5D4B132BF0EB2200572768 /* PBXTargetDependency */,
			);
			name = Assignment3Tests;
			productName = Assignment3Tests;
			productReference = 8B5D4B112BF0EB2200572768 /* Assignment3Tests.xctest */;
			productType = "com.apple.product-type.bundle.unit-test";
		};
		8B5D4B1A2BF0EB2200572768 /* Assignment3UITests */ = {
			isa = PBXNativeTarget;
			buildConfigurationList = 8B5D4B2B2BF0EB2200572768 /* Build configuration list for PBXNativeTarget "Assignment3UITests" */;
			buildPhases = (
				8B5D4B172BF0EB2200572768 /* Sources */,
				8B5D4B182BF0EB2200572768 /* Frameworks */,
				8B5D4B192BF0EB2200572768 /* Resources */,
			);
			buildRules = (
			);
			dependencies = (
				8B5D4B1D2BF0EB2200572768 /* PBXTargetDependency */,
			);
			name = Assignment3UITests;
			productName = Assignment3UITests;
			productReference = 8B5D4B1B2BF0EB2200572768 /* Assignment3UITests.xctest */;
			productType = "com.apple.product-type.bundle.ui-testing";
		};
/* End PBXNativeTarget section */

/* Begin PBXProject section */
		8B5D4AF92BF0EB2100572768 /* Project object */ = {
			isa = PBXProject;
			attributes = {
				BuildIndependentTargetsInParallel = 1;
				LastSwiftUpdateCheck = 1530;
				LastUpgradeCheck = 1530;
				TargetAttributes = {
					8B5D4B002BF0EB2100572768 = {
						CreatedOnToolsVersion = 15.3;
					};
					8B5D4B102BF0EB2200572768 = {
						CreatedOnToolsVersion = 15.3;
						TestTargetID = 8B5D4B002BF0EB2100572768;
					};
					8B5D4B1A2BF0EB2200572768 = {
						CreatedOnToolsVersion = 15.3;
						TestTargetID = 8B5D4B002BF0EB2100572768;
					};
				};
			};
			buildConfigurationList = 8B5D4AFC2BF0EB2100572768 /* Build configuration list for PBXProject "Assignment3" */;
			compatibilityVersion = "Xcode 14.0";
			developmentRegion = en;
			hasScannedForEncodings = 0;
			knownRegions = (
				en,
				Base,
			);
			mainGroup = 8B5D4AF82BF0EB2100572768;
			productRefGroup = 8B5D4B022BF0EB2100572768 /* Products */;
			projectDirPath = "";
			projectRoot = "";
			targets = (
				8B5D4B002BF0EB2100572768 /* Assignment3 */,
				8B5D4B102BF0EB2200572768 /* Assignment3Tests */,
				8B5D4B1A2BF0EB2200572768 /* Assignment3UITests */,
			);
		};
/* End PBXProject section */

/* Begin PBXResourcesBuildPhase section */
		8B5D4AFF2BF0EB2100572768 /* Resources */ = {
			isa = PBXResourcesBuildPhase;
			buildActionMask = 2147483647;
			files = (
				8B5D4B0C2BF0EB2200572768 /* Preview Assets.xcassets in Resources */,
				8B5D4B092BF0EB2200572768 /* Assets.xcassets in Resources */,
			);
			runOnlyForDeploymentPostprocessing = 0;
		};
		8B5D4B0F2BF0EB2200572768 /* Resources */ = {
			isa = PBXResourcesBuildPhase;
			buildActionMask = 2147483647;
			files = (
			);
			runOnlyForDeploymentPostprocessing = 0;
		};
		8B5D4B192BF0EB2200572768 /* Resources */ = {
			isa = PBXResourcesBuildPhase;
			buildActionMask = 2147483647;
			files = (
			);
			runOnlyForDeploymentPostprocessing = 0;
		};
/* End PBXResourcesBuildPhase section */

/* Begin PBXSourcesBuildPhase section */
		8B5D4AFD2BF0EB2100572768 /* Sources */ = {
			isa = PBXSourcesBuildPhase;
			buildActionMask = 2147483647;
			files = (
				8B7B7C752BF0F00A001E1E52 /* TimerView.swift in Sources */,
				8BA844372BF6776800F99183 /* HomePageView.swift in Sources */,
				8BA8443B2BF678D000F99183 /* CharacterSelectionView.swift in Sources */,
				8B5D4B052BF0EB2100572768 /* ContentView.swift in Sources */,
				8BA844452BF67DA500F99183 /* AccountView.swift in Sources */,
				8BA8443F2BF67C5000F99183 /* PomodoroTimerViewModel.swift in Sources */,
				8BA844412BF67D7F00F99183 /* HomeView.swift in Sources */,
				8BA844432BF67D9400F99183 /* Timeline View.swift in Sources */,
				8BA844392BF6784400F99183 /* Character.swift in Sources */,
				8BA8443D2BF678FC00F99183 /* Helper.swift in Sources */,
			);
			runOnlyForDeploymentPostprocessing = 0;
		};
		8B5D4B0D2BF0EB2200572768 /* Sources */ = {
			isa = PBXSourcesBuildPhase;
			buildActionMask = 2147483647;
			files = (
				8B5D4B162BF0EB2200572768 /* Assignment3Tests.swift in Sources */,
			);
			runOnlyForDeploymentPostprocessing = 0;
		};
		8B5D4B172BF0EB2200572768 /* Sources */ = {
			isa = PBXSourcesBuildPhase;
			buildActionMask = 2147483647;
			files = (
				8B5D4B202BF0EB2200572768 /* Assignment3UITests.swift in Sources */,
				8B5D4B222BF0EB2200572768 /* Assignment3UITestsLaunchTests.swift in Sources */,
			);
			runOnlyForDeploymentPostprocessing = 0;
		};
/* End PBXSourcesBuildPhase section */

/* Begin PBXTargetDependency section */
		8B5D4B132BF0EB2200572768 /* PBXTargetDependency */ = {
			isa = PBXTargetDependency;
			target = 8B5D4B002BF0EB2100572768 /* Assignment3 */;
			targetProxy = 8B5D4B122BF0EB2200572768 /* PBXContainerItemProxy */;
		};
		8B5D4B1D2BF0EB2200572768 /* PBXTargetDependency */ = {
			isa = PBXTargetDependency;
			target = 8B5D4B002BF0EB2100572768 /* Assignment3 */;
			targetProxy = 8B5D4B1C2BF0EB2200572768 /* PBXContainerItemProxy */;
		};
/* End PBXTargetDependency section */

/* Begin XCBuildConfiguration section */
		8B5D4B232BF0EB2200572768 /* Debug */ = {
			isa = XCBuildConfiguration;
			buildSettings = {
				ALWAYS_SEARCH_USER_PATHS = NO;
				ASSETCATALOG_COMPILER_GENERATE_SWIFT_ASSET_SYMBOL_EXTENSIONS = YES;
				CLANG_ANALYZER_NONNULL = YES;
				CLANG_ANALYZER_NUMBER_OBJECT_CONVERSION = YES_AGGRESSIVE;
				CLANG_CXX_LANGUAGE_STANDARD = "gnu++20";
				CLANG_ENABLE_MODULES = YES;
				CLANG_ENABLE_OBJC_ARC = YES;
				CLANG_ENABLE_OBJC_WEAK = YES;
				CLANG_WARN_BLOCK_CAPTURE_AUTORELEASING = YES;
				CLANG_WARN_BOOL_CONVERSION = YES;
				CLANG_WARN_COMMA = YES;
				CLANG_WARN_CONSTANT_CONVERSION = YES;
				CLANG_WARN_DEPRECATED_OBJC_IMPLEMENTATIONS = YES;
				CLANG_WARN_DIRECT_OBJC_ISA_USAGE = YES_ERROR;
				CLANG_WARN_DOCUMENTATION_COMMENTS = YES;
				CLANG_WARN_EMPTY_BODY = YES;
				CLANG_WARN_ENUM_CONVERSION = YES;
				CLANG_WARN_INFINITE_RECURSION = YES;
				CLANG_WARN_INT_CONVERSION = YES;
				CLANG_WARN_NON_LITERAL_NULL_CONVERSION = YES;
				CLANG_WARN_OBJC_IMPLICIT_RETAIN_SELF = YES;
				CLANG_WARN_OBJC_LITERAL_CONVERSION = YES;
				CLANG_WARN_OBJC_ROOT_CLASS = YES_ERROR;
				CLANG_WARN_QUOTED_INCLUDE_IN_FRAMEWORK_HEADER = YES;
				CLANG_WARN_RANGE_LOOP_ANALYSIS = YES;
				CLANG_WARN_STRICT_PROTOTYPES = YES;
				CLANG_WARN_SUSPICIOUS_MOVE = YES;
				CLANG_WARN_UNGUARDED_AVAILABILITY = YES_AGGRESSIVE;
				CLANG_WARN_UNREACHABLE_CODE = YES;
				CLANG_WARN__DUPLICATE_METHOD_MATCH = YES;
				COPY_PHASE_STRIP = NO;
				DEBUG_INFORMATION_FORMAT = dwarf;
				ENABLE_STRICT_OBJC_MSGSEND = YES;
				ENABLE_TESTABILITY = YES;
				ENABLE_USER_SCRIPT_SANDBOXING = YES;
				GCC_C_LANGUAGE_STANDARD = gnu17;
				GCC_DYNAMIC_NO_PIC = NO;
				GCC_NO_COMMON_BLOCKS = YES;
				GCC_OPTIMIZATION_LEVEL = 0;
				GCC_PREPROCESSOR_DEFINITIONS = (
					"DEBUG=1",
					"$(inherited)",
				);
				GCC_WARN_64_TO_32_BIT_CONVERSION = YES;
				GCC_WARN_ABOUT_RETURN_TYPE = YES_ERROR;
				GCC_WARN_UNDECLARED_SELECTOR = YES;
				GCC_WARN_UNINITIALIZED_AUTOS = YES_AGGRESSIVE;
				GCC_WARN_UNUSED_FUNCTION = YES;
				GCC_WARN_UNUSED_VARIABLE = YES;
				IPHONEOS_DEPLOYMENT_TARGET = 17.4;
				LOCALIZATION_PREFERS_STRING_CATALOGS = YES;
				MTL_ENABLE_DEBUG_INFO = INCLUDE_SOURCE;
				MTL_FAST_MATH = YES;
				ONLY_ACTIVE_ARCH = YES;
				SDKROOT = iphoneos;
				SWIFT_ACTIVE_COMPILATION_CONDITIONS = "DEBUG $(inherited)";
				SWIFT_OPTIMIZATION_LEVEL = "-Onone";
			};
			name = Debug;
		};
		8B5D4B242BF0EB2200572768 /* Release */ = {
			isa = XCBuildConfiguration;
			buildSettings = {
				ALWAYS_SEARCH_USER_PATHS = NO;
				ASSETCATALOG_COMPILER_GENERATE_SWIFT_ASSET_SYMBOL_EXTENSIONS = YES;
				CLANG_ANALYZER_NONNULL = YES;
				CLANG_ANALYZER_NUMBER_OBJECT_CONVERSION = YES_AGGRESSIVE;
				CLANG_CXX_LANGUAGE_STANDARD = "gnu++20";
				CLANG_ENABLE_MODULES = YES;
				CLANG_ENABLE_OBJC_ARC = YES;
				CLANG_ENABLE_OBJC_WEAK = YES;
				CLANG_WARN_BLOCK_CAPTURE_AUTORELEASING = YES;
				CLANG_WARN_BOOL_CONVERSION = YES;
				CLANG_WARN_COMMA = YES;
				CLANG_WARN_CONSTANT_CONVERSION = YES;
				CLANG_WARN_DEPRECATED_OBJC_IMPLEMENTATIONS = YES;
				CLANG_WARN_DIRECT_OBJC_ISA_USAGE = YES_ERROR;
				CLANG_WARN_DOCUMENTATION_COMMENTS = YES;
				CLANG_WARN_EMPTY_BODY = YES;
				CLANG_WARN_ENUM_CONVERSION = YES;
				CLANG_WARN_INFINITE_RECURSION = YES;
				CLANG_WARN_INT_CONVERSION = YES;
				CLANG_WARN_NON_LITERAL_NULL_CONVERSION = YES;
				CLANG_WARN_OBJC_IMPLICIT_RETAIN_SELF = YES;
				CLANG_WARN_OBJC_LITERAL_CONVERSION = YES;
				CLANG_WARN_OBJC_ROOT_CLASS = YES_ERROR;
				CLANG_WARN_QUOTED_INCLUDE_IN_FRAMEWORK_HEADER = YES;
				CLANG_WARN_RANGE_LOOP_ANALYSIS = YES;
				CLANG_WARN_STRICT_PROTOTYPES = YES;
				CLANG_WARN_SUSPICIOUS_MOVE = YES;
				CLANG_WARN_UNGUARDED_AVAILABILITY = YES_AGGRESSIVE;
				CLANG_WARN_UNREACHABLE_CODE = YES;
				CLANG_WARN__DUPLICATE_METHOD_MATCH = YES;
				COPY_PHASE_STRIP = NO;
				DEBUG_INFORMATION_FORMAT = "dwarf-with-dsym";
				ENABLE_NS_ASSERTIONS = NO;
				ENABLE_STRICT_OBJC_MSGSEND = YES;
				ENABLE_USER_SCRIPT_SANDBOXING = YES;
				GCC_C_LANGUAGE_STANDARD = gnu17;
				GCC_NO_COMMON_BLOCKS = YES;
				GCC_WARN_64_TO_32_BIT_CONVERSION = YES;
				GCC_WARN_ABOUT_RETURN_TYPE = YES_ERROR;
				GCC_WARN_UNDECLARED_SELECTOR = YES;
				GCC_WARN_UNINITIALIZED_AUTOS = YES_AGGRESSIVE;
				GCC_WARN_UNUSED_FUNCTION = YES;
				GCC_WARN_UNUSED_VARIABLE = YES;
				IPHONEOS_DEPLOYMENT_TARGET = 17.4;
				LOCALIZATION_PREFERS_STRING_CATALOGS = YES;
				MTL_ENABLE_DEBUG_INFO = NO;
				MTL_FAST_MATH = YES;
				SDKROOT = iphoneos;
				SWIFT_COMPILATION_MODE = wholemodule;
				VALIDATE_PRODUCT = YES;
			};
			name = Release;
		};
		8B5D4B262BF0EB2200572768 /* Debug */ = {
			isa = XCBuildConfiguration;
			buildSettings = {
				ASSETCATALOG_COMPILER_APPICON_NAME = AppIcon;
				ASSETCATALOG_COMPILER_GLOBAL_ACCENT_COLOR_NAME = AccentColor;
				CODE_SIGN_STYLE = Automatic;
				CURRENT_PROJECT_VERSION = 1;
				DEVELOPMENT_ASSET_PATHS = "\"Assignment3/Preview Content\"";
				DEVELOPMENT_TEAM = Y3TDF93KNL;
				ENABLE_PREVIEWS = YES;
				GENERATE_INFOPLIST_FILE = YES;
				INFOPLIST_KEY_UIApplicationSceneManifest_Generation = YES;
				INFOPLIST_KEY_UIApplicationSupportsIndirectInputEvents = YES;
				INFOPLIST_KEY_UILaunchScreen_Generation = YES;
				INFOPLIST_KEY_UISupportedInterfaceOrientations_iPad = "UIInterfaceOrientationPortrait UIInterfaceOrientationPortraitUpsideDown UIInterfaceOrientationLandscapeLeft UIInterfaceOrientationLandscapeRight";
				INFOPLIST_KEY_UISupportedInterfaceOrientations_iPhone = "UIInterfaceOrientationPortrait UIInterfaceOrientationLandscapeLeft UIInterfaceOrientationLandscapeRight";
				LD_RUNPATH_SEARCH_PATHS = (
					"$(inherited)",
					"@executable_path/Frameworks",
				);
				MARKETING_VERSION = 1.0;
				PRODUCT_BUNDLE_IDENTIFIER = Xianghui.Assignment3;
				PRODUCT_NAME = "$(TARGET_NAME)";
				SWIFT_EMIT_LOC_STRINGS = YES;
				SWIFT_VERSION = 5.0;
				TARGETED_DEVICE_FAMILY = "1,2";
			};
			name = Debug;
		};
		8B5D4B272BF0EB2200572768 /* Release */ = {
			isa = XCBuildConfiguration;
			buildSettings = {
				ASSETCATALOG_COMPILER_APPICON_NAME = AppIcon;
				ASSETCATALOG_COMPILER_GLOBAL_ACCENT_COLOR_NAME = AccentColor;
				CODE_SIGN_STYLE = Automatic;
				CURRENT_PROJECT_VERSION = 1;
				DEVELOPMENT_ASSET_PATHS = "\"Assignment3/Preview Content\"";
				DEVELOPMENT_TEAM = Y3TDF93KNL;
				ENABLE_PREVIEWS = YES;
				GENERATE_INFOPLIST_FILE = YES;
				INFOPLIST_KEY_UIApplicationSceneManifest_Generation = YES;
				INFOPLIST_KEY_UIApplicationSupportsIndirectInputEvents = YES;
				INFOPLIST_KEY_UILaunchScreen_Generation = YES;
				INFOPLIST_KEY_UISupportedInterfaceOrientations_iPad = "UIInterfaceOrientationPortrait UIInterfaceOrientationPortraitUpsideDown UIInterfaceOrientationLandscapeLeft UIInterfaceOrientationLandscapeRight";
				INFOPLIST_KEY_UISupportedInterfaceOrientations_iPhone = "UIInterfaceOrientationPortrait UIInterfaceOrientationLandscapeLeft UIInterfaceOrientationLandscapeRight";
				LD_RUNPATH_SEARCH_PATHS = (
					"$(inherited)",
					"@executable_path/Frameworks",
				);
				MARKETING_VERSION = 1.0;
				PRODUCT_BUNDLE_IDENTIFIER = Xianghui.Assignment3;
				PRODUCT_NAME = "$(TARGET_NAME)";
				SWIFT_EMIT_LOC_STRINGS = YES;
				SWIFT_VERSION = 5.0;
				TARGETED_DEVICE_FAMILY = "1,2";
			};
			name = Release;
		};
		8B5D4B292BF0EB2200572768 /* Debug */ = {
			isa = XCBuildConfiguration;
			buildSettings = {
				ALWAYS_EMBED_SWIFT_STANDARD_LIBRARIES = YES;
				BUNDLE_LOADER = "$(TEST_HOST)";
				CODE_SIGN_STYLE = Automatic;
				CURRENT_PROJECT_VERSION = 1;
				DEVELOPMENT_TEAM = Y3TDF93KNL;
				GENERATE_INFOPLIST_FILE = YES;
				IPHONEOS_DEPLOYMENT_TARGET = 17.4;
				MARKETING_VERSION = 1.0;
				PRODUCT_BUNDLE_IDENTIFIER = Xianghui.Assignment3Tests;
				PRODUCT_NAME = "$(TARGET_NAME)";
				SWIFT_EMIT_LOC_STRINGS = NO;
				SWIFT_VERSION = 5.0;
				TARGETED_DEVICE_FAMILY = "1,2";
				TEST_HOST = "$(BUILT_PRODUCTS_DIR)/Assignment3.app/$(BUNDLE_EXECUTABLE_FOLDER_PATH)/Assignment3";
			};
			name = Debug;
		};
		8B5D4B2A2BF0EB2200572768 /* Release */ = {
			isa = XCBuildConfiguration;
			buildSettings = {
				ALWAYS_EMBED_SWIFT_STANDARD_LIBRARIES = YES;
				BUNDLE_LOADER = "$(TEST_HOST)";
				CODE_SIGN_STYLE = Automatic;
				CURRENT_PROJECT_VERSION = 1;
				DEVELOPMENT_TEAM = Y3TDF93KNL;
				GENERATE_INFOPLIST_FILE = YES;
				IPHONEOS_DEPLOYMENT_TARGET = 17.4;
				MARKETING_VERSION = 1.0;
				PRODUCT_BUNDLE_IDENTIFIER = Xianghui.Assignment3Tests;
				PRODUCT_NAME = "$(TARGET_NAME)";
				SWIFT_EMIT_LOC_STRINGS = NO;
				SWIFT_VERSION = 5.0;
				TARGETED_DEVICE_FAMILY = "1,2";
				TEST_HOST = "$(BUILT_PRODUCTS_DIR)/Assignment3.app/$(BUNDLE_EXECUTABLE_FOLDER_PATH)/Assignment3";
			};
			name = Release;
		};
		8B5D4B2C2BF0EB2200572768 /* Debug */ = {
			isa = XCBuildConfiguration;
			buildSettings = {
				ALWAYS_EMBED_SWIFT_STANDARD_LIBRARIES = YES;
				CODE_SIGN_STYLE = Automatic;
				CURRENT_PROJECT_VERSION = 1;
				DEVELOPMENT_TEAM = Y3TDF93KNL;
				GENERATE_INFOPLIST_FILE = YES;
				MARKETING_VERSION = 1.0;
				PRODUCT_BUNDLE_IDENTIFIER = Xianghui.Assignment3UITests;
				PRODUCT_NAME = "$(TARGET_NAME)";
				SWIFT_EMIT_LOC_STRINGS = NO;
				SWIFT_VERSION = 5.0;
				TARGETED_DEVICE_FAMILY = "1,2";
				TEST_TARGET_NAME = Assignment3;
			};
			name = Debug;
		};
		8B5D4B2D2BF0EB2200572768 /* Release */ = {
			isa = XCBuildConfiguration;
			buildSettings = {
				ALWAYS_EMBED_SWIFT_STANDARD_LIBRARIES = YES;
				CODE_SIGN_STYLE = Automatic;
				CURRENT_PROJECT_VERSION = 1;
				DEVELOPMENT_TEAM = Y3TDF93KNL;
				GENERATE_INFOPLIST_FILE = YES;
				MARKETING_VERSION = 1.0;
				PRODUCT_BUNDLE_IDENTIFIER = Xianghui.Assignment3UITests;
				PRODUCT_NAME = "$(TARGET_NAME)";
				SWIFT_EMIT_LOC_STRINGS = NO;
				SWIFT_VERSION = 5.0;
				TARGETED_DEVICE_FAMILY = "1,2";
				TEST_TARGET_NAME = Assignment3;
			};
			name = Release;
		};
/* End XCBuildConfiguration section */

/* Begin XCConfigurationList section */
		8B5D4AFC2BF0EB2100572768 /* Build configuration list for PBXProject "Assignment3" */ = {
			isa = XCConfigurationList;
			buildConfigurations = (
				8B5D4B232BF0EB2200572768 /* Debug */,
				8B5D4B242BF0EB2200572768 /* Release */,
			);
			defaultConfigurationIsVisible = 0;
			defaultConfigurationName = Release;
		};
		8B5D4B252BF0EB2200572768 /* Build configuration list for PBXNativeTarget "Assignment3" */ = {
			isa = XCConfigurationList;
			buildConfigurations = (
				8B5D4B262BF0EB2200572768 /* Debug */,
				8B5D4B272BF0EB2200572768 /* Release */,
			);
			defaultConfigurationIsVisible = 0;
			defaultConfigurationName = Release;
		};
		8B5D4B282BF0EB2200572768 /* Build configuration list for PBXNativeTarget "Assignment3Tests" */ = {
			isa = XCConfigurationList;
			buildConfigurations = (
				8B5D4B292BF0EB2200572768 /* Debug */,
				8B5D4B2A2BF0EB2200572768 /* Release */,
			);
			defaultConfigurationIsVisible = 0;
			defaultConfigurationName = Release;
		};
		8B5D4B2B2BF0EB2200572768 /* Build configuration list for PBXNativeTarget "Assignment3UITests" */ = {
			isa = XCConfigurationList;
			buildConfigurations = (
				8B5D4B2C2BF0EB2200572768 /* Debug */,
				8B5D4B2D2BF0EB2200572768 /* Release */,
			);
			defaultConfigurationIsVisible = 0;
			defaultConfigurationName = Release;
		};
/* End XCConfigurationList section */
	};
	rootObject = 8B5D4AF92BF0EB2100572768 /* Project object */;
}
